
Microsoft Visual Studio Solution File, Format Version 12.00
# Visual Studio 14
VisualStudioVersion = 14.0.25420.1
MinimumVisualStudioVersion = 10.0.40219.1
Project("{FAE04EC0-301F-11D3-BF4B-00C04F79EFBC}") = "KonsorcjumLekarzy", "KonsorcjumLekarzy\KonsorcjumLekarzy.csproj", "{E9102515-5A42-49A6-ACBB-70B8B2355132}"
EndProject
Project("{FAE04EC0-301F-11D3-BF4B-00C04F79EFBC}") = "KonsorcjumLekarzy.Database", "KonsorcjumLekarzy.Database\KonsorcjumLekarzy.Database.csproj", "{662E32C7-0F74-42B8-A39C-E0D5127E570E}"
EndProject
Global
	GlobalSection(SolutionConfigurationPlatforms) = preSolution
		Debug|Any CPU = Debug|Any CPU
		Release|Any CPU = Release|Any CPU
	EndGlobalSection
	GlobalSection(ProjectConfigurationPlatforms) = postSolution
		{E9102515-5A42-49A6-ACBB-70B8B2355132}.Debug|Any CPU.ActiveCfg = Debug|Any CPU
		{E9102515-5A42-49A6-ACBB-70B8B2355132}.Debug|Any CPU.Build.0 = Debug|Any CPU
		{E9102515-5A42-49A6-ACBB-70B8B2355132}.Release|Any CPU.ActiveCfg = Release|Any CPU
		{E9102515-5A42-49A6-ACBB-70B8B2355132}.Release|Any CPU.Build.0 = Release|Any CPU
		{662E32C7-0F74-42B8-A39C-E0D5127E570E}.Debug|Any CPU.ActiveCfg = Debug|Any CPU
		{662E32C7-0F74-42B8-A39C-E0D5127E570E}.Debug|Any CPU.Build.0 = Debug|Any CPU
		{662E32C7-0F74-42B8-A39C-E0D5127E570E}.Release|Any CPU.ActiveCfg = Release|Any CPU
		{662E32C7-0F74-42B8-A39C-E0D5127E570E}.Release|Any CPU.Build.0 = Release|Any CPU
	EndGlobalSection
	GlobalSection(SolutionProperties) = preSolution
		HideSolutionNode = FALSE
	EndGlobalSection
EndGlobal
